
Microsoft Visual Studio Solution File, Format Version 12.00
# Visual Studio Version 16
VisualStudioVersion = 16.0.28922.388
MinimumVisualStudioVersion = 10.0.40219.1
Project("{FAE04EC0-301F-11D3-BF4B-00C04F79EFBC}") = "TrainDesigner", "TrainDesigner\TrainDesigner.csproj", "{28CFFB1D-91FB-4EB6-8645-1CD779E5DECB}"
EndProject
Project("{FAE04EC0-301F-11D3-BF4B-00C04F79EFBC}") = "WPFUtils", "WPFUtils\WPFUtils.csproj", "{4C45F5AD-B47F-45B8-B8CF-9953A8EEDBE2}"
EndProject
Project("{FAE04EC0-301F-11D3-BF4B-00C04F79EFBC}") = "LayoutDesignerModel", "LayoutDesignerModel\LayoutDesignerModel.csproj", "{2BB19BE9-5901-4712-8DA0-B97541A3A500}"
EndProject
Global
	GlobalSection(SolutionConfigurationPlatforms) = preSolution
		Debug|Any CPU = Debug|Any CPU
		Release|Any CPU = Release|Any CPU
	EndGlobalSection
	GlobalSection(ProjectConfigurationPlatforms) = postSolution
		{28CFFB1D-91FB-4EB6-8645-1CD779E5DECB}.Debug|Any CPU.ActiveCfg = Debug|Any CPU
		{28CFFB1D-91FB-4EB6-8645-1CD779E5DECB}.Debug|Any CPU.Build.0 = Debug|Any CPU
		{28CFFB1D-91FB-4EB6-8645-1CD779E5DECB}.Release|Any CPU.ActiveCfg = Release|Any CPU
		{28CFFB1D-91FB-4EB6-8645-1CD779E5DECB}.Release|Any CPU.Build.0 = Release|Any CPU
		{4C45F5AD-B47F-45B8-B8CF-9953A8EEDBE2}.Debug|Any CPU.ActiveCfg = Debug|Any CPU
		{4C45F5AD-B47F-45B8-B8CF-9953A8EEDBE2}.Debug|Any CPU.Build.0 = Debug|Any CPU
		{4C45F5AD-B47F-45B8-B8CF-9953A8EEDBE2}.Release|Any CPU.ActiveCfg = Release|Any CPU
		{4C45F5AD-B47F-45B8-B8CF-9953A8EEDBE2}.Release|Any CPU.Build.0 = Release|Any CPU
		{2BB19BE9-5901-4712-8DA0-B97541A3A500}.Debug|Any CPU.ActiveCfg = Debug|Any CPU
		{2BB19BE9-5901-4712-8DA0-B97541A3A500}.Debug|Any CPU.Build.0 = Debug|Any CPU
		{2BB19BE9-5901-4712-8DA0-B97541A3A500}.Release|Any CPU.ActiveCfg = Release|Any CPU
		{2BB19BE9-5901-4712-8DA0-B97541A3A500}.Release|Any CPU.Build.0 = Release|Any CPU
	EndGlobalSection
	GlobalSection(SolutionProperties) = preSolution
		HideSolutionNode = FALSE
	EndGlobalSection
	GlobalSection(ExtensibilityGlobals) = postSolution
		SolutionGuid = {49B53AA3-1733-438D-B928-7A68470D9328}
	EndGlobalSection
EndGlobal
